
Microsoft Visual Studio Solution File, Format Version 12.00
# Visual Studio Version 16
VisualStudioVersion = 16.0.30320.27
MinimumVisualStudioVersion = 10.0.40219.1
Project("{9A19103F-16F7-4668-BE54-9A1E7A4F7556}") = "Nombok", "Nombok\Nombok.csproj", "{B41A5D73-2500-4F1D-860D-C8E531591638}"
EndProject
Project("{9A19103F-16F7-4668-BE54-9A1E7A4F7556}") = "Nombok.Template", "Nombok.Template\Nombok.Template.csproj", "{191CF683-8773-41AE-AC9C-448ECDB02AAD}"
EndProject
Project("{9A19103F-16F7-4668-BE54-9A1E7A4F7556}") = "Nombok.Template.Razor", "Nombok.Template.Razor\Nombok.Template.Razor.csproj", "{2ABEA807-80FF-4DBB-94D0-76FD58146CB1}"
EndProject
Project("{9A19103F-16F7-4668-BE54-9A1E7A4F7556}") = "Nombok.Core", "Nombok.Core\Nombok.Core.csproj", "{467F0635-A264-4D37-A07A-B34DDACDC8F1}"
EndProject
Project("{9A19103F-16F7-4668-BE54-9A1E7A4F7556}") = "Nombok.Shared", "Nombok.Shared\Nombok.Shared.csproj", "{FB61BE6F-4E67-46D1-9361-28A804D31B40}"
EndProject
Project("{9A19103F-16F7-4668-BE54-9A1E7A4F7556}") = "Nombok.Parser", "Nombok.Parser\Nombok.Parser.csproj", "{8A04DB78-4093-44C6-B540-03FC9D232B38}"
EndProject
Project("{9A19103F-16F7-4668-BE54-9A1E7A4F7556}") = "Nombok.Parser.Roslyn", "Nombok.Parser.Roslyn\Nombok.Parser.Roslyn.csproj", "{2DE329B1-6804-4BCA-BA07-E9D31C83242D}"
EndProject
Project("{2150E333-8FDC-42A3-9474-1A3956D46DE8}") = "Source", "Source", "{CAD3787F-FA6F-4749-8C01-E839301A5B22}"
EndProject
Project("{2150E333-8FDC-42A3-9474-1A3956D46DE8}") = "Tests", "Tests", "{F28C690D-8459-43AB-9170-A59D5910818D}"
EndProject
Global
	GlobalSection(SolutionConfigurationPlatforms) = preSolution
		Debug|Any CPU = Debug|Any CPU
		Release|Any CPU = Release|Any CPU
	EndGlobalSection
	GlobalSection(ProjectConfigurationPlatforms) = postSolution
		{B41A5D73-2500-4F1D-860D-C8E531591638}.Debug|Any CPU.ActiveCfg = Debug|Any CPU
		{B41A5D73-2500-4F1D-860D-C8E531591638}.Debug|Any CPU.Build.0 = Debug|Any CPU
		{B41A5D73-2500-4F1D-860D-C8E531591638}.Release|Any CPU.ActiveCfg = Release|Any CPU
		{B41A5D73-2500-4F1D-860D-C8E531591638}.Release|Any CPU.Build.0 = Release|Any CPU
		{191CF683-8773-41AE-AC9C-448ECDB02AAD}.Debug|Any CPU.ActiveCfg = Debug|Any CPU
		{191CF683-8773-41AE-AC9C-448ECDB02AAD}.Debug|Any CPU.Build.0 = Debug|Any CPU
		{191CF683-8773-41AE-AC9C-448ECDB02AAD}.Release|Any CPU.ActiveCfg = Release|Any CPU
		{191CF683-8773-41AE-AC9C-448ECDB02AAD}.Release|Any CPU.Build.0 = Release|Any CPU
		{2ABEA807-80FF-4DBB-94D0-76FD58146CB1}.Debug|Any CPU.ActiveCfg = Debug|Any CPU
		{2ABEA807-80FF-4DBB-94D0-76FD58146CB1}.Debug|Any CPU.Build.0 = Debug|Any CPU
		{2ABEA807-80FF-4DBB-94D0-76FD58146CB1}.Release|Any CPU.ActiveCfg = Release|Any CPU
		{2ABEA807-80FF-4DBB-94D0-76FD58146CB1}.Release|Any CPU.Build.0 = Release|Any CPU
		{467F0635-A264-4D37-A07A-B34DDACDC8F1}.Debug|Any CPU.ActiveCfg = Debug|Any CPU
		{467F0635-A264-4D37-A07A-B34DDACDC8F1}.Debug|Any CPU.Build.0 = Debug|Any CPU
		{467F0635-A264-4D37-A07A-B34DDACDC8F1}.Release|Any CPU.ActiveCfg = Release|Any CPU
		{467F0635-A264-4D37-A07A-B34DDACDC8F1}.Release|Any CPU.Build.0 = Release|Any CPU
		{FB61BE6F-4E67-46D1-9361-28A804D31B40}.Debug|Any CPU.ActiveCfg = Debug|Any CPU
		{FB61BE6F-4E67-46D1-9361-28A804D31B40}.Debug|Any CPU.Build.0 = Debug|Any CPU
		{FB61BE6F-4E67-46D1-9361-28A804D31B40}.Release|Any CPU.ActiveCfg = Release|Any CPU
		{FB61BE6F-4E67-46D1-9361-28A804D31B40}.Release|Any CPU.Build.0 = Release|Any CPU
		{8A04DB78-4093-44C6-B540-03FC9D232B38}.Debug|Any CPU.ActiveCfg = Debug|Any CPU
		{8A04DB78-4093-44C6-B540-03FC9D232B38}.Debug|Any CPU.Build.0 = Debug|Any CPU
		{8A04DB78-4093-44C6-B540-03FC9D232B38}.Release|Any CPU.ActiveCfg = Release|Any CPU
		{8A04DB78-4093-44C6-B540-03FC9D232B38}.Release|Any CPU.Build.0 = Release|Any CPU
		{2DE329B1-6804-4BCA-BA07-E9D31C83242D}.Debug|Any CPU.ActiveCfg = Debug|Any CPU
		{2DE329B1-6804-4BCA-BA07-E9D31C83242D}.Debug|Any CPU.Build.0 = Debug|Any CPU
		{2DE329B1-6804-4BCA-BA07-E9D31C83242D}.Release|Any CPU.ActiveCfg = Release|Any CPU
		{2DE329B1-6804-4BCA-BA07-E9D31C83242D}.Release|Any CPU.Build.0 = Release|Any CPU
	EndGlobalSection
	GlobalSection(SolutionProperties) = preSolution
		HideSolutionNode = FALSE
	EndGlobalSection
	GlobalSection(NestedProjects) = preSolution
		{B41A5D73-2500-4F1D-860D-C8E531591638} = {CAD3787F-FA6F-4749-8C01-E839301A5B22}
		{191CF683-8773-41AE-AC9C-448ECDB02AAD} = {CAD3787F-FA6F-4749-8C01-E839301A5B22}
		{2ABEA807-80FF-4DBB-94D0-76FD58146CB1} = {CAD3787F-FA6F-4749-8C01-E839301A5B22}
		{467F0635-A264-4D37-A07A-B34DDACDC8F1} = {CAD3787F-FA6F-4749-8C01-E839301A5B22}
		{FB61BE6F-4E67-46D1-9361-28A804D31B40} = {CAD3787F-FA6F-4749-8C01-E839301A5B22}
		{8A04DB78-4093-44C6-B540-03FC9D232B38} = {CAD3787F-FA6F-4749-8C01-E839301A5B22}
		{2DE329B1-6804-4BCA-BA07-E9D31C83242D} = {CAD3787F-FA6F-4749-8C01-E839301A5B22}
	EndGlobalSection
	GlobalSection(ExtensibilityGlobals) = postSolution
		SolutionGuid = {53EA4E23-0773-4C12-B11E-8920C5140612}
	EndGlobalSection
EndGlobal
